
Microsoft Visual Studio Solution File, Format Version 12.00
# Visual Studio Version 16
VisualStudioVersion = 16.0.30711.63
MinimumVisualStudioVersion = 10.0.40219.1
Project("{FAE04EC0-301F-11D3-BF4B-00C04F79EFBC}") = "WFA_ReactEvent", "WFA_ReactEvent.csproj", "{1B0F4064-9AD2-4A92-ACE0-3B39D0E06324}"
EndProject
Global
	GlobalSection(SolutionConfigurationPlatforms) = preSolution
		Debug|Any CPU = Debug|Any CPU
		Release|Any CPU = Release|Any CPU
	EndGlobalSection
	GlobalSection(ProjectConfigurationPlatforms) = postSolution
		{1B0F4064-9AD2-4A92-ACE0-3B39D0E06324}.Debug|Any CPU.ActiveCfg = Debug|Any CPU
		{1B0F4064-9AD2-4A92-ACE0-3B39D0E06324}.Debug|Any CPU.Build.0 = Debug|Any CPU
		{1B0F4064-9AD2-4A92-ACE0-3B39D0E06324}.Release|Any CPU.ActiveCfg = Release|Any CPU
		{1B0F4064-9AD2-4A92-ACE0-3B39D0E06324}.Release|Any CPU.Build.0 = Release|Any CPU
	EndGlobalSection
	GlobalSection(SolutionProperties) = preSolution
		HideSolutionNode = FALSE
	EndGlobalSection
	GlobalSection(ExtensibilityGlobals) = postSolution
		SolutionGuid = {FF2A1001-0A90-428F-BC4D-19A1D9ED8316}
	EndGlobalSection
EndGlobal
